
Microsoft Visual Studio Solution File, Format Version 12.00
# Visual Studio 15
VisualStudioVersion = 15.0.27004.2009
MinimumVisualStudioVersion = 10.0.40219.1
Project("{FAE04EC0-301F-11D3-BF4B-00C04F79EFBC}") = "Mal.XF.Infra.Android.Demo", "Mal.XF.Infra.Android.Demo\Mal.XF.Infra.Android.Demo.csproj", "{C9B20561-6492-4B0C-AC6A-56880DF02A54}"
EndProject
Project("{FAE04EC0-301F-11D3-BF4B-00C04F79EFBC}") = "Mal.XF.Infra.iOS.Demo", "Mal.XF.Infra.iOS.Demo\Mal.XF.Infra.iOS.Demo.csproj", "{BE61E47D-A06B-4390-941E-5369D63FCE07}"
EndProject
Project("{FAE04EC0-301F-11D3-BF4B-00C04F79EFBC}") = "Mal.XF.Infra.UWP.Demo", "Mal.XF.Infra.UWP.Demo\Mal.XF.Infra.UWP.Demo.csproj", "{7B7F9BA8-2BC5-4CA2-BEFD-29A31E7EF6C7}"
EndProject
Project("{D954291E-2A0B-460D-934E-DC6B0785DB48}") = "Mal.XF.Infra.Demo", "Mal.XF.Infra.Demo\Mal.XF.Infra.Demo.shproj", "{526C498D-9703-43F0-B248-00C20397AA23}"
EndProject
Project("{2150E333-8FDC-42A3-9474-1A3956D46DE8}") = "Demo", "Demo", "{6D1C984F-8C94-4FFB-AC45-6648BAD71FC9}"
EndProject
Project("{9A19103F-16F7-4668-BE54-9A1E7A4F7556}") = "Mal.XF.Infra", "Mal.XF.Infra\Mal.XF.Infra.csproj", "{B49212A3-D6BD-4513-86CB-BC4B4C465A82}"
EndProject
Project("{FAE04EC0-301F-11D3-BF4B-00C04F79EFBC}") = "Mal.XF.Infra.Android", "Mal.XF.Infra.Android\Mal.XF.Infra.Android.csproj", "{6A992C47-5BCD-4BBA-8B86-E5EDD1737590}"
EndProject
Global
	GlobalSection(SharedMSBuildProjectFiles) = preSolution
		Mal.XF.Infra.Demo\Mal.XF.Infra.projitems*{526c498d-9703-43f0-b248-00c20397aa23}*SharedItemsImports = 13
		Mal.XF.Infra.Demo\Mal.XF.Infra.projitems*{7b7f9ba8-2bc5-4ca2-befd-29a31e7ef6c7}*SharedItemsImports = 4
		Mal.XF.Infra.Demo\Mal.XF.Infra.projitems*{be61e47d-a06b-4390-941e-5369d63fce07}*SharedItemsImports = 4
		Mal.XF.Infra.Demo\Mal.XF.Infra.projitems*{c9b20561-6492-4b0c-ac6a-56880df02a54}*SharedItemsImports = 4
	EndGlobalSection
	GlobalSection(SolutionConfigurationPlatforms) = preSolution
		Ad-Hoc|Any CPU = Ad-Hoc|Any CPU
		Ad-Hoc|ARM = Ad-Hoc|ARM
		Ad-Hoc|iPhone = Ad-Hoc|iPhone
		Ad-Hoc|iPhoneSimulator = Ad-Hoc|iPhoneSimulator
		Ad-Hoc|x64 = Ad-Hoc|x64
		Ad-Hoc|x86 = Ad-Hoc|x86
		AppStore|Any CPU = AppStore|Any CPU
		AppStore|ARM = AppStore|ARM
		AppStore|iPhone = AppStore|iPhone
		AppStore|iPhoneSimulator = AppStore|iPhoneSimulator
		AppStore|x64 = AppStore|x64
		AppStore|x86 = AppStore|x86
		Debug|Any CPU = Debug|Any CPU
		Debug|ARM = Debug|ARM
		Debug|iPhone = Debug|iPhone
		Debug|iPhoneSimulator = Debug|iPhoneSimulator
		Debug|x64 = Debug|x64
		Debug|x86 = Debug|x86
		Release|Any CPU = Release|Any CPU
		Release|ARM = Release|ARM
		Release|iPhone = Release|iPhone
		Release|iPhoneSimulator = Release|iPhoneSimulator
		Release|x64 = Release|x64
		Release|x86 = Release|x86
	EndGlobalSection
	GlobalSection(ProjectConfigurationPlatforms) = postSolution
		{C9B20561-6492-4B0C-AC6A-56880DF02A54}.Ad-Hoc|Any CPU.ActiveCfg = Release|Any CPU
		{C9B20561-6492-4B0C-AC6A-56880DF02A54}.Ad-Hoc|Any CPU.Build.0 = Release|Any CPU
		{C9B20561-6492-4B0C-AC6A-56880DF02A54}.Ad-Hoc|Any CPU.Deploy.0 = Release|Any CPU
		{C9B20561-6492-4B0C-AC6A-56880DF02A54}.Ad-Hoc|ARM.ActiveCfg = Release|Any CPU
		{C9B20561-6492-4B0C-AC6A-56880DF02A54}.Ad-Hoc|ARM.Build.0 = Release|Any CPU
		{C9B20561-6492-4B0C-AC6A-56880DF02A54}.Ad-Hoc|ARM.Deploy.0 = Release|Any CPU
		{C9B20561-6492-4B0C-AC6A-56880DF02A54}.Ad-Hoc|iPhone.ActiveCfg = Release|Any CPU
		{C9B20561-6492-4B0C-AC6A-56880DF02A54}.Ad-Hoc|iPhone.Build.0 = Release|Any CPU
		{C9B20561-6492-4B0C-AC6A-56880DF02A54}.Ad-Hoc|iPhone.Deploy.0 = Release|Any CPU
		{C9B20561-6492-4B0C-AC6A-56880DF02A54}.Ad-Hoc|iPhoneSimulator.ActiveCfg = Release|Any CPU
		{C9B20561-6492-4B0C-AC6A-56880DF02A54}.Ad-Hoc|iPhoneSimulator.Build.0 = Release|Any CPU
		{C9B20561-6492-4B0C-AC6A-56880DF02A54}.Ad-Hoc|iPhoneSimulator.Deploy.0 = Release|Any CPU
		{C9B20561-6492-4B0C-AC6A-56880DF02A54}.Ad-Hoc|x64.ActiveCfg = Release|Any CPU
		{C9B20561-6492-4B0C-AC6A-56880DF02A54}.Ad-Hoc|x64.Build.0 = Release|Any CPU
		{C9B20561-6492-4B0C-AC6A-56880DF02A54}.Ad-Hoc|x64.Deploy.0 = Release|Any CPU
		{C9B20561-6492-4B0C-AC6A-56880DF02A54}.Ad-Hoc|x86.ActiveCfg = Release|Any CPU
		{C9B20561-6492-4B0C-AC6A-56880DF02A54}.Ad-Hoc|x86.Build.0 = Release|Any CPU
		{C9B20561-6492-4B0C-AC6A-56880DF02A54}.Ad-Hoc|x86.Deploy.0 = Release|Any CPU
		{C9B20561-6492-4B0C-AC6A-56880DF02A54}.AppStore|Any CPU.ActiveCfg = Release|Any CPU
		{C9B20561-6492-4B0C-AC6A-56880DF02A54}.AppStore|Any CPU.Build.0 = Release|Any CPU
		{C9B20561-6492-4B0C-AC6A-56880DF02A54}.AppStore|Any CPU.Deploy.0 = Release|Any CPU
		{C9B20561-6492-4B0C-AC6A-56880DF02A54}.AppStore|ARM.ActiveCfg = Release|Any CPU
		{C9B20561-6492-4B0C-AC6A-56880DF02A54}.AppStore|ARM.Build.0 = Release|Any CPU
		{C9B20561-6492-4B0C-AC6A-56880DF02A54}.AppStore|ARM.Deploy.0 = Release|Any CPU
		{C9B20561-6492-4B0C-AC6A-56880DF02A54}.AppStore|iPhone.ActiveCfg = Release|Any CPU
		{C9B20561-6492-4B0C-AC6A-56880DF02A54}.AppStore|iPhone.Build.0 = Release|Any CPU
		{C9B20561-6492-4B0C-AC6A-56880DF02A54}.AppStore|iPhone.Deploy.0 = Release|Any CPU
		{C9B20561-6492-4B0C-AC6A-56880DF02A54}.AppStore|iPhoneSimulator.ActiveCfg = Release|Any CPU
		{C9B20561-6492-4B0C-AC6A-56880DF02A54}.AppStore|iPhoneSimulator.Build.0 = Release|Any CPU
		{C9B20561-6492-4B0C-AC6A-56880DF02A54}.AppStore|iPhoneSimulator.Deploy.0 = Release|Any CPU
		{C9B20561-6492-4B0C-AC6A-56880DF02A54}.AppStore|x64.ActiveCfg = Release|Any CPU
		{C9B20561-6492-4B0C-AC6A-56880DF02A54}.AppStore|x64.Build.0 = Release|Any CPU
		{C9B20561-6492-4B0C-AC6A-56880DF02A54}.AppStore|x64.Deploy.0 = Release|Any CPU
		{C9B20561-6492-4B0C-AC6A-56880DF02A54}.AppStore|x86.ActiveCfg = Release|Any CPU
		{C9B20561-6492-4B0C-AC6A-56880DF02A54}.AppStore|x86.Build.0 = Release|Any CPU
		{C9B20561-6492-4B0C-AC6A-56880DF02A54}.AppStore|x86.Deploy.0 = Release|Any CPU
		{C9B20561-6492-4B0C-AC6A-56880DF02A54}.Debug|Any CPU.ActiveCfg = Debug|Any CPU
		{C9B20561-6492-4B0C-AC6A-56880DF02A54}.Debug|Any CPU.Build.0 = Debug|Any CPU
		{C9B20561-6492-4B0C-AC6A-56880DF02A54}.Debug|Any CPU.Deploy.0 = Debug|Any CPU
		{C9B20561-6492-4B0C-AC6A-56880DF02A54}.Debug|ARM.ActiveCfg = Debug|Any CPU
		{C9B20561-6492-4B0C-AC6A-56880DF02A54}.Debug|ARM.Build.0 = Debug|Any CPU
		{C9B20561-6492-4B0C-AC6A-56880DF02A54}.Debug|ARM.Deploy.0 = Debug|Any CPU
		{C9B20561-6492-4B0C-AC6A-56880DF02A54}.Debug|iPhone.ActiveCfg = Debug|Any CPU
		{C9B20561-6492-4B0C-AC6A-56880DF02A54}.Debug|iPhone.Build.0 = Debug|Any CPU
		{C9B20561-6492-4B0C-AC6A-56880DF02A54}.Debug|iPhone.Deploy.0 = Debug|Any CPU
		{C9B20561-6492-4B0C-AC6A-56880DF02A54}.Debug|iPhoneSimulator.ActiveCfg = Debug|Any CPU
		{C9B20561-6492-4B0C-AC6A-56880DF02A54}.Debug|iPhoneSimulator.Build.0 = Debug|Any CPU
		{C9B20561-6492-4B0C-AC6A-56880DF02A54}.Debug|iPhoneSimulator.Deploy.0 = Debug|Any CPU
		{C9B20561-6492-4B0C-AC6A-56880DF02A54}.Debug|x64.ActiveCfg = Debug|Any CPU
		{C9B20561-6492-4B0C-AC6A-56880DF02A54}.Debug|x64.Build.0 = Debug|Any CPU
		{C9B20561-6492-4B0C-AC6A-56880DF02A54}.Debug|x64.Deploy.0 = Debug|Any CPU
		{C9B20561-6492-4B0C-AC6A-56880DF02A54}.Debug|x86.ActiveCfg = Debug|Any CPU
		{C9B20561-6492-4B0C-AC6A-56880DF02A54}.Debug|x86.Build.0 = Debug|Any CPU
		{C9B20561-6492-4B0C-AC6A-56880DF02A54}.Debug|x86.Deploy.0 = Debug|Any CPU
		{C9B20561-6492-4B0C-AC6A-56880DF02A54}.Release|Any CPU.ActiveCfg = Release|Any CPU
		{C9B20561-6492-4B0C-AC6A-56880DF02A54}.Release|Any CPU.Build.0 = Release|Any CPU
		{C9B20561-6492-4B0C-AC6A-56880DF02A54}.Release|Any CPU.Deploy.0 = Release|Any CPU
		{C9B20561-6492-4B0C-AC6A-56880DF02A54}.Release|ARM.ActiveCfg = Release|Any CPU
		{C9B20561-6492-4B0C-AC6A-56880DF02A54}.Release|ARM.Build.0 = Release|Any CPU
		{C9B20561-6492-4B0C-AC6A-56880DF02A54}.Release|ARM.Deploy.0 = Release|Any CPU
		{C9B20561-6492-4B0C-AC6A-56880DF02A54}.Release|iPhone.ActiveCfg = Release|Any CPU
		{C9B20561-6492-4B0C-AC6A-56880DF02A54}.Release|iPhone.Build.0 = Release|Any CPU
		{C9B20561-6492-4B0C-AC6A-56880DF02A54}.Release|iPhone.Deploy.0 = Release|Any CPU
		{C9B20561-6492-4B0C-AC6A-56880DF02A54}.Release|iPhoneSimulator.ActiveCfg = Release|Any CPU
		{C9B20561-6492-4B0C-AC6A-56880DF02A54}.Release|iPhoneSimulator.Build.0 = Release|Any CPU
		{C9B20561-6492-4B0C-AC6A-56880DF02A54}.Release|iPhoneSimulator.Deploy.0 = Release|Any CPU
		{C9B20561-6492-4B0C-AC6A-56880DF02A54}.Release|x64.ActiveCfg = Release|Any CPU
		{C9B20561-6492-4B0C-AC6A-56880DF02A54}.Release|x64.Build.0 = Release|Any CPU
		{C9B20561-6492-4B0C-AC6A-56880DF02A54}.Release|x64.Deploy.0 = Release|Any CPU
		{C9B20561-6492-4B0C-AC6A-56880DF02A54}.Release|x86.ActiveCfg = Release|Any CPU
		{C9B20561-6492-4B0C-AC6A-56880DF02A54}.Release|x86.Build.0 = Release|Any CPU
		{C9B20561-6492-4B0C-AC6A-56880DF02A54}.Release|x86.Deploy.0 = Release|Any CPU
		{BE61E47D-A06B-4390-941E-5369D63FCE07}.Ad-Hoc|Any CPU.ActiveCfg = Ad-Hoc|iPhoneSimulator
		{BE61E47D-A06B-4390-941E-5369D63FCE07}.Ad-Hoc|ARM.ActiveCfg = Ad-Hoc|iPhone
		{BE61E47D-A06B-4390-941E-5369D63FCE07}.Ad-Hoc|iPhone.ActiveCfg = Ad-Hoc|iPhone
		{BE61E47D-A06B-4390-941E-5369D63FCE07}.Ad-Hoc|iPhone.Build.0 = Ad-Hoc|iPhone
		{BE61E47D-A06B-4390-941E-5369D63FCE07}.Ad-Hoc|iPhoneSimulator.ActiveCfg = Ad-Hoc|iPhoneSimulator
		{BE61E47D-A06B-4390-941E-5369D63FCE07}.Ad-Hoc|iPhoneSimulator.Build.0 = Ad-Hoc|iPhoneSimulator
		{BE61E47D-A06B-4390-941E-5369D63FCE07}.Ad-Hoc|x64.ActiveCfg = Ad-Hoc|iPhone
		{BE61E47D-A06B-4390-941E-5369D63FCE07}.Ad-Hoc|x86.ActiveCfg = Ad-Hoc|iPhone
		{BE61E47D-A06B-4390-941E-5369D63FCE07}.AppStore|Any CPU.ActiveCfg = AppStore|iPhoneSimulator
		{BE61E47D-A06B-4390-941E-5369D63FCE07}.AppStore|ARM.ActiveCfg = AppStore|iPhone
		{BE61E47D-A06B-4390-941E-5369D63FCE07}.AppStore|iPhone.ActiveCfg = AppStore|iPhone
		{BE61E47D-A06B-4390-941E-5369D63FCE07}.AppStore|iPhone.Build.0 = AppStore|iPhone
		{BE61E47D-A06B-4390-941E-5369D63FCE07}.AppStore|iPhoneSimulator.ActiveCfg = AppStore|iPhoneSimulator
		{BE61E47D-A06B-4390-941E-5369D63FCE07}.AppStore|iPhoneSimulator.Build.0 = AppStore|iPhoneSimulator
		{BE61E47D-A06B-4390-941E-5369D63FCE07}.AppStore|x64.ActiveCfg = AppStore|iPhone
		{BE61E47D-A06B-4390-941E-5369D63FCE07}.AppStore|x86.ActiveCfg = AppStore|iPhone
		{BE61E47D-A06B-4390-941E-5369D63FCE07}.Debug|Any CPU.ActiveCfg = Debug|iPhoneSimulator
		{BE61E47D-A06B-4390-941E-5369D63FCE07}.Debug|ARM.ActiveCfg = Debug|iPhone
		{BE61E47D-A06B-4390-941E-5369D63FCE07}.Debug|iPhone.ActiveCfg = Debug|iPhone
		{BE61E47D-A06B-4390-941E-5369D63FCE07}.Debug|iPhone.Build.0 = Debug|iPhone
		{BE61E47D-A06B-4390-941E-5369D63FCE07}.Debug|iPhoneSimulator.ActiveCfg = Debug|iPhoneSimulator
		{BE61E47D-A06B-4390-941E-5369D63FCE07}.Debug|iPhoneSimulator.Build.0 = Debug|iPhoneSimulator
		{BE61E47D-A06B-4390-941E-5369D63FCE07}.Debug|x64.ActiveCfg = Debug|iPhone
		{BE61E47D-A06B-4390-941E-5369D63FCE07}.Debug|x86.ActiveCfg = Debug|iPhone
		{BE61E47D-A06B-4390-941E-5369D63FCE07}.Release|Any CPU.ActiveCfg = Release|iPhoneSimulator
		{BE61E47D-A06B-4390-941E-5369D63FCE07}.Release|ARM.ActiveCfg = Release|iPhone
		{BE61E47D-A06B-4390-941E-5369D63FCE07}.Release|iPhone.ActiveCfg = Release|iPhone
		{BE61E47D-A06B-4390-941E-5369D63FCE07}.Release|iPhone.Build.0 = Release|iPhone
		{BE61E47D-A06B-4390-941E-5369D63FCE07}.Release|iPhoneSimulator.ActiveCfg = Release|iPhoneSimulator
		{BE61E47D-A06B-4390-941E-5369D63FCE07}.Release|iPhoneSimulator.Build.0 = Release|iPhoneSimulator
		{BE61E47D-A06B-4390-941E-5369D63FCE07}.Release|x64.ActiveCfg = Release|iPhone
		{BE61E47D-A06B-4390-941E-5369D63FCE07}.Release|x86.ActiveCfg = Release|iPhone
		{7B7F9BA8-2BC5-4CA2-BEFD-29A31E7EF6C7}.Ad-Hoc|Any CPU.ActiveCfg = Release|x86
		{7B7F9BA8-2BC5-4CA2-BEFD-29A31E7EF6C7}.Ad-Hoc|Any CPU.Build.0 = Release|x86
		{7B7F9BA8-2BC5-4CA2-BEFD-29A31E7EF6C7}.Ad-Hoc|Any CPU.Deploy.0 = Release|x86
		{7B7F9BA8-2BC5-4CA2-BEFD-29A31E7EF6C7}.Ad-Hoc|ARM.ActiveCfg = Release|ARM
		{7B7F9BA8-2BC5-4CA2-BEFD-29A31E7EF6C7}.Ad-Hoc|ARM.Build.0 = Release|ARM
		{7B7F9BA8-2BC5-4CA2-BEFD-29A31E7EF6C7}.Ad-Hoc|ARM.Deploy.0 = Release|ARM
		{7B7F9BA8-2BC5-4CA2-BEFD-29A31E7EF6C7}.Ad-Hoc|iPhone.ActiveCfg = Release|x86
		{7B7F9BA8-2BC5-4CA2-BEFD-29A31E7EF6C7}.Ad-Hoc|iPhone.Build.0 = Release|x86
		{7B7F9BA8-2BC5-4CA2-BEFD-29A31E7EF6C7}.Ad-Hoc|iPhone.Deploy.0 = Release|x86
		{7B7F9BA8-2BC5-4CA2-BEFD-29A31E7EF6C7}.Ad-Hoc|iPhoneSimulator.ActiveCfg = Release|x86
		{7B7F9BA8-2BC5-4CA2-BEFD-29A31E7EF6C7}.Ad-Hoc|iPhoneSimulator.Build.0 = Release|x86
		{7B7F9BA8-2BC5-4CA2-BEFD-29A31E7EF6C7}.Ad-Hoc|iPhoneSimulator.Deploy.0 = Release|x86
		{7B7F9BA8-2BC5-4CA2-BEFD-29A31E7EF6C7}.Ad-Hoc|x64.ActiveCfg = Release|x64
		{7B7F9BA8-2BC5-4CA2-BEFD-29A31E7EF6C7}.Ad-Hoc|x64.Build.0 = Release|x64
		{7B7F9BA8-2BC5-4CA2-BEFD-29A31E7EF6C7}.Ad-Hoc|x64.Deploy.0 = Release|x64
		{7B7F9BA8-2BC5-4CA2-BEFD-29A31E7EF6C7}.Ad-Hoc|x86.ActiveCfg = Release|x86
		{7B7F9BA8-2BC5-4CA2-BEFD-29A31E7EF6C7}.Ad-Hoc|x86.Build.0 = Release|x86
		{7B7F9BA8-2BC5-4CA2-BEFD-29A31E7EF6C7}.Ad-Hoc|x86.Deploy.0 = Release|x86
		{7B7F9BA8-2BC5-4CA2-BEFD-29A31E7EF6C7}.AppStore|Any CPU.ActiveCfg = Release|x86
		{7B7F9BA8-2BC5-4CA2-BEFD-29A31E7EF6C7}.AppStore|Any CPU.Build.0 = Release|x86
		{7B7F9BA8-2BC5-4CA2-BEFD-29A31E7EF6C7}.AppStore|Any CPU.Deploy.0 = Release|x86
		{7B7F9BA8-2BC5-4CA2-BEFD-29A31E7EF6C7}.AppStore|ARM.ActiveCfg = Release|ARM
		{7B7F9BA8-2BC5-4CA2-BEFD-29A31E7EF6C7}.AppStore|ARM.Build.0 = Release|ARM
		{7B7F9BA8-2BC5-4CA2-BEFD-29A31E7EF6C7}.AppStore|ARM.Deploy.0 = Release|ARM
		{7B7F9BA8-2BC5-4CA2-BEFD-29A31E7EF6C7}.AppStore|iPhone.ActiveCfg = Release|x86
		{7B7F9BA8-2BC5-4CA2-BEFD-29A31E7EF6C7}.AppStore|iPhone.Build.0 = Release|x86
		{7B7F9BA8-2BC5-4CA2-BEFD-29A31E7EF6C7}.AppStore|iPhone.Deploy.0 = Release|x86
		{7B7F9BA8-2BC5-4CA2-BEFD-29A31E7EF6C7}.AppStore|iPhoneSimulator.ActiveCfg = Release|x86
		{7B7F9BA8-2BC5-4CA2-BEFD-29A31E7EF6C7}.AppStore|iPhoneSimulator.Build.0 = Release|x86
		{7B7F9BA8-2BC5-4CA2-BEFD-29A31E7EF6C7}.AppStore|iPhoneSimulator.Deploy.0 = Release|x86
		{7B7F9BA8-2BC5-4CA2-BEFD-29A31E7EF6C7}.AppStore|x64.ActiveCfg = Release|x64
		{7B7F9BA8-2BC5-4CA2-BEFD-29A31E7EF6C7}.AppStore|x64.Build.0 = Release|x64
		{7B7F9BA8-2BC5-4CA2-BEFD-29A31E7EF6C7}.AppStore|x64.Deploy.0 = Release|x64
		{7B7F9BA8-2BC5-4CA2-BEFD-29A31E7EF6C7}.AppStore|x86.ActiveCfg = Release|x86
		{7B7F9BA8-2BC5-4CA2-BEFD-29A31E7EF6C7}.AppStore|x86.Build.0 = Release|x86
		{7B7F9BA8-2BC5-4CA2-BEFD-29A31E7EF6C7}.AppStore|x86.Deploy.0 = Release|x86
		{7B7F9BA8-2BC5-4CA2-BEFD-29A31E7EF6C7}.Debug|Any CPU.ActiveCfg = Debug|x86
		{7B7F9BA8-2BC5-4CA2-BEFD-29A31E7EF6C7}.Debug|ARM.ActiveCfg = Debug|ARM
		{7B7F9BA8-2BC5-4CA2-BEFD-29A31E7EF6C7}.Debug|ARM.Build.0 = Debug|ARM
		{7B7F9BA8-2BC5-4CA2-BEFD-29A31E7EF6C7}.Debug|ARM.Deploy.0 = Debug|ARM
		{7B7F9BA8-2BC5-4CA2-BEFD-29A31E7EF6C7}.Debug|iPhone.ActiveCfg = Debug|x86
		{7B7F9BA8-2BC5-4CA2-BEFD-29A31E7EF6C7}.Debug|iPhoneSimulator.ActiveCfg = Debug|x86
		{7B7F9BA8-2BC5-4CA2-BEFD-29A31E7EF6C7}.Debug|x64.ActiveCfg = Debug|x64
		{7B7F9BA8-2BC5-4CA2-BEFD-29A31E7EF6C7}.Debug|x64.Build.0 = Debug|x64
		{7B7F9BA8-2BC5-4CA2-BEFD-29A31E7EF6C7}.Debug|x64.Deploy.0 = Debug|x64
		{7B7F9BA8-2BC5-4CA2-BEFD-29A31E7EF6C7}.Debug|x86.ActiveCfg = Debug|x86
		{7B7F9BA8-2BC5-4CA2-BEFD-29A31E7EF6C7}.Debug|x86.Build.0 = Debug|x86
		{7B7F9BA8-2BC5-4CA2-BEFD-29A31E7EF6C7}.Debug|x86.Deploy.0 = Debug|x86
		{7B7F9BA8-2BC5-4CA2-BEFD-29A31E7EF6C7}.Release|Any CPU.ActiveCfg = Release|x86
		{7B7F9BA8-2BC5-4CA2-BEFD-29A31E7EF6C7}.Release|ARM.ActiveCfg = Release|ARM
		{7B7F9BA8-2BC5-4CA2-BEFD-29A31E7EF6C7}.Release|ARM.Build.0 = Release|ARM
		{7B7F9BA8-2BC5-4CA2-BEFD-29A31E7EF6C7}.Release|ARM.Deploy.0 = Release|ARM
		{7B7F9BA8-2BC5-4CA2-BEFD-29A31E7EF6C7}.Release|iPhone.ActiveCfg = Release|x86
		{7B7F9BA8-2BC5-4CA2-BEFD-29A31E7EF6C7}.Release|iPhoneSimulator.ActiveCfg = Release|x86
		{7B7F9BA8-2BC5-4CA2-BEFD-29A31E7EF6C7}.Release|x64.ActiveCfg = Release|x64
		{7B7F9BA8-2BC5-4CA2-BEFD-29A31E7EF6C7}.Release|x64.Build.0 = Release|x64
		{7B7F9BA8-2BC5-4CA2-BEFD-29A31E7EF6C7}.Release|x64.Deploy.0 = Release|x64
		{7B7F9BA8-2BC5-4CA2-BEFD-29A31E7EF6C7}.Release|x86.ActiveCfg = Release|x86
		{7B7F9BA8-2BC5-4CA2-BEFD-29A31E7EF6C7}.Release|x86.Build.0 = Release|x86
		{7B7F9BA8-2BC5-4CA2-BEFD-29A31E7EF6C7}.Release|x86.Deploy.0 = Release|x86
		{B49212A3-D6BD-4513-86CB-BC4B4C465A82}.Ad-Hoc|Any CPU.ActiveCfg = Debug|Any CPU
		{B49212A3-D6BD-4513-86CB-BC4B4C465A82}.Ad-Hoc|Any CPU.Build.0 = Debug|Any CPU
		{B49212A3-D6BD-4513-86CB-BC4B4C465A82}.Ad-Hoc|ARM.ActiveCfg = Debug|Any CPU
		{B49212A3-D6BD-4513-86CB-BC4B4C465A82}.Ad-Hoc|ARM.Build.0 = Debug|Any CPU
		{B49212A3-D6BD-4513-86CB-BC4B4C465A82}.Ad-Hoc|iPhone.ActiveCfg = Debug|Any CPU
		{B49212A3-D6BD-4513-86CB-BC4B4C465A82}.Ad-Hoc|iPhone.Build.0 = Debug|Any CPU
		{B49212A3-D6BD-4513-86CB-BC4B4C465A82}.Ad-Hoc|iPhoneSimulator.ActiveCfg = Debug|Any CPU
		{B49212A3-D6BD-4513-86CB-BC4B4C465A82}.Ad-Hoc|iPhoneSimulator.Build.0 = Debug|Any CPU
		{B49212A3-D6BD-4513-86CB-BC4B4C465A82}.Ad-Hoc|x64.ActiveCfg = Debug|Any CPU
		{B49212A3-D6BD-4513-86CB-BC4B4C465A82}.Ad-Hoc|x64.Build.0 = Debug|Any CPU
		{B49212A3-D6BD-4513-86CB-BC4B4C465A82}.Ad-Hoc|x86.ActiveCfg = Debug|Any CPU
		{B49212A3-D6BD-4513-86CB-BC4B4C465A82}.Ad-Hoc|x86.Build.0 = Debug|Any CPU
		{B49212A3-D6BD-4513-86CB-BC4B4C465A82}.AppStore|Any CPU.ActiveCfg = Debug|Any CPU
		{B49212A3-D6BD-4513-86CB-BC4B4C465A82}.AppStore|Any CPU.Build.0 = Debug|Any CPU
		{B49212A3-D6BD-4513-86CB-BC4B4C465A82}.AppStore|ARM.ActiveCfg = Debug|Any CPU
		{B49212A3-D6BD-4513-86CB-BC4B4C465A82}.AppStore|ARM.Build.0 = Debug|Any CPU
		{B49212A3-D6BD-4513-86CB-BC4B4C465A82}.AppStore|iPhone.ActiveCfg = Debug|Any CPU
		{B49212A3-D6BD-4513-86CB-BC4B4C465A82}.AppStore|iPhone.Build.0 = Debug|Any CPU
		{B49212A3-D6BD-4513-86CB-BC4B4C465A82}.AppStore|iPhoneSimulator.ActiveCfg = Debug|Any CPU
		{B49212A3-D6BD-4513-86CB-BC4B4C465A82}.AppStore|iPhoneSimulator.Build.0 = Debug|Any CPU
		{B49212A3-D6BD-4513-86CB-BC4B4C465A82}.AppStore|x64.ActiveCfg = Debug|Any CPU
		{B49212A3-D6BD-4513-86CB-BC4B4C465A82}.AppStore|x64.Build.0 = Debug|Any CPU
		{B49212A3-D6BD-4513-86CB-BC4B4C465A82}.AppStore|x86.ActiveCfg = Debug|Any CPU
		{B49212A3-D6BD-4513-86CB-BC4B4C465A82}.AppStore|x86.Build.0 = Debug|Any CPU
		{B49212A3-D6BD-4513-86CB-BC4B4C465A82}.Debug|Any CPU.ActiveCfg = Debug|Any CPU
		{B49212A3-D6BD-4513-86CB-BC4B4C465A82}.Debug|Any CPU.Build.0 = Debug|Any CPU
		{B49212A3-D6BD-4513-86CB-BC4B4C465A82}.Debug|ARM.ActiveCfg = Debug|Any CPU
		{B49212A3-D6BD-4513-86CB-BC4B4C465A82}.Debug|ARM.Build.0 = Debug|Any CPU
		{B49212A3-D6BD-4513-86CB-BC4B4C465A82}.Debug|iPhone.ActiveCfg = Debug|Any CPU
		{B49212A3-D6BD-4513-86CB-BC4B4C465A82}.Debug|iPhone.Build.0 = Debug|Any CPU
		{B49212A3-D6BD-4513-86CB-BC4B4C465A82}.Debug|iPhoneSimulator.ActiveCfg = Debug|Any CPU
		{B49212A3-D6BD-4513-86CB-BC4B4C465A82}.Debug|iPhoneSimulator.Build.0 = Debug|Any CPU
		{B49212A3-D6BD-4513-86CB-BC4B4C465A82}.Debug|x64.ActiveCfg = Debug|Any CPU
		{B49212A3-D6BD-4513-86CB-BC4B4C465A82}.Debug|x64.Build.0 = Debug|Any CPU
		{B49212A3-D6BD-4513-86CB-BC4B4C465A82}.Debug|x86.ActiveCfg = Debug|Any CPU
		{B49212A3-D6BD-4513-86CB-BC4B4C465A82}.Debug|x86.Build.0 = Debug|Any CPU
		{B49212A3-D6BD-4513-86CB-BC4B4C465A82}.Release|Any CPU.ActiveCfg = Release|Any CPU
		{B49212A3-D6BD-4513-86CB-BC4B4C465A82}.Release|Any CPU.Build.0 = Release|Any CPU
		{B49212A3-D6BD-4513-86CB-BC4B4C465A82}.Release|ARM.ActiveCfg = Release|Any CPU
		{B49212A3-D6BD-4513-86CB-BC4B4C465A82}.Release|ARM.Build.0 = Release|Any CPU
		{B49212A3-D6BD-4513-86CB-BC4B4C465A82}.Release|iPhone.ActiveCfg = Release|Any CPU
		{B49212A3-D6BD-4513-86CB-BC4B4C465A82}.Release|iPhone.Build.0 = Release|Any CPU
		{B49212A3-D6BD-4513-86CB-BC4B4C465A82}.Release|iPhoneSimulator.ActiveCfg = Release|Any CPU
		{B49212A3-D6BD-4513-86CB-BC4B4C465A82}.Release|iPhoneSimulator.Build.0 = Release|Any CPU
		{B49212A3-D6BD-4513-86CB-BC4B4C465A82}.Release|x64.ActiveCfg = Release|Any CPU
		{B49212A3-D6BD-4513-86CB-BC4B4C465A82}.Release|x64.Build.0 = Release|Any CPU
		{B49212A3-D6BD-4513-86CB-BC4B4C465A82}.Release|x86.ActiveCfg = Release|Any CPU
		{B49212A3-D6BD-4513-86CB-BC4B4C465A82}.Release|x86.Build.0 = Release|Any CPU
		{6A992C47-5BCD-4BBA-8B86-E5EDD1737590}.Ad-Hoc|Any CPU.ActiveCfg = Release|Any CPU
		{6A992C47-5BCD-4BBA-8B86-E5EDD1737590}.Ad-Hoc|Any CPU.Build.0 = Release|Any CPU
		{6A992C47-5BCD-4BBA-8B86-E5EDD1737590}.Ad-Hoc|ARM.ActiveCfg = Release|Any CPU
		{6A992C47-5BCD-4BBA-8B86-E5EDD1737590}.Ad-Hoc|ARM.Build.0 = Release|Any CPU
		{6A992C47-5BCD-4BBA-8B86-E5EDD1737590}.Ad-Hoc|iPhone.ActiveCfg = Release|Any CPU
		{6A992C47-5BCD-4BBA-8B86-E5EDD1737590}.Ad-Hoc|iPhone.Build.0 = Release|Any CPU
		{6A992C47-5BCD-4BBA-8B86-E5EDD1737590}.Ad-Hoc|iPhoneSimulator.ActiveCfg = Release|Any CPU
		{6A992C47-5BCD-4BBA-8B86-E5EDD1737590}.Ad-Hoc|iPhoneSimulator.Build.0 = Release|Any CPU
		{6A992C47-5BCD-4BBA-8B86-E5EDD1737590}.Ad-Hoc|x64.ActiveCfg = Release|Any CPU
		{6A992C47-5BCD-4BBA-8B86-E5EDD1737590}.Ad-Hoc|x64.Build.0 = Release|Any CPU
		{6A992C47-5BCD-4BBA-8B86-E5EDD1737590}.Ad-Hoc|x86.ActiveCfg = Release|Any CPU
		{6A992C47-5BCD-4BBA-8B86-E5EDD1737590}.Ad-Hoc|x86.Build.0 = Release|Any CPU
		{6A992C47-5BCD-4BBA-8B86-E5EDD1737590}.AppStore|Any CPU.ActiveCfg = Release|Any CPU
		{6A992C47-5BCD-4BBA-8B86-E5EDD1737590}.AppStore|Any CPU.Build.0 = Release|Any CPU
		{6A992C47-5BCD-4BBA-8B86-E5EDD1737590}.AppStore|ARM.ActiveCfg = Release|Any CPU
		{6A992C47-5BCD-4BBA-8B86-E5EDD1737590}.AppStore|ARM.Build.0 = Release|Any CPU
		{6A992C47-5BCD-4BBA-8B86-E5EDD1737590}.AppStore|iPhone.ActiveCfg = Release|Any CPU
		{6A992C47-5BCD-4BBA-8B86-E5EDD1737590}.AppStore|iPhone.Build.0 = Release|Any CPU
		{6A992C47-5BCD-4BBA-8B86-E5EDD1737590}.AppStore|iPhoneSimulator.ActiveCfg = Release|Any CPU
		{6A992C47-5BCD-4BBA-8B86-E5EDD1737590}.AppStore|iPhoneSimulator.Build.0 = Release|Any CPU
		{6A992C47-5BCD-4BBA-8B86-E5EDD1737590}.AppStore|x64.ActiveCfg = Release|Any CPU
		{6A992C47-5BCD-4BBA-8B86-E5EDD1737590}.AppStore|x64.Build.0 = Release|Any CPU
		{6A992C47-5BCD-4BBA-8B86-E5EDD1737590}.AppStore|x86.ActiveCfg = Release|Any CPU
		{6A992C47-5BCD-4BBA-8B86-E5EDD1737590}.AppStore|x86.Build.0 = Release|Any CPU
		{6A992C47-5BCD-4BBA-8B86-E5EDD1737590}.Debug|Any CPU.ActiveCfg = Debug|Any CPU
		{6A992C47-5BCD-4BBA-8B86-E5EDD1737590}.Debug|Any CPU.Build.0 = Debug|Any CPU
		{6A992C47-5BCD-4BBA-8B86-E5EDD1737590}.Debug|ARM.ActiveCfg = Debug|Any CPU
		{6A992C47-5BCD-4BBA-8B86-E5EDD1737590}.Debug|ARM.Build.0 = Debug|Any CPU
		{6A992C47-5BCD-4BBA-8B86-E5EDD1737590}.Debug|iPhone.ActiveCfg = Debug|Any CPU
		{6A992C47-5BCD-4BBA-8B86-E5EDD1737590}.Debug|iPhone.Build.0 = Debug|Any CPU
		{6A992C47-5BCD-4BBA-8B86-E5EDD1737590}.Debug|iPhoneSimulator.ActiveCfg = Debug|Any CPU
		{6A992C47-5BCD-4BBA-8B86-E5EDD1737590}.Debug|iPhoneSimulator.Build.0 = Debug|Any CPU
		{6A992C47-5BCD-4BBA-8B86-E5EDD1737590}.Debug|x64.ActiveCfg = Debug|Any CPU
		{6A992C47-5BCD-4BBA-8B86-E5EDD1737590}.Debug|x64.Build.0 = Debug|Any CPU
		{6A992C47-5BCD-4BBA-8B86-E5EDD1737590}.Debug|x86.ActiveCfg = Debug|Any CPU
		{6A992C47-5BCD-4BBA-8B86-E5EDD1737590}.Debug|x86.Build.0 = Debug|Any CPU
		{6A992C47-5BCD-4BBA-8B86-E5EDD1737590}.Release|Any CPU.ActiveCfg = Release|Any CPU
		{6A992C47-5BCD-4BBA-8B86-E5EDD1737590}.Release|Any CPU.Build.0 = Release|Any CPU
		{6A992C47-5BCD-4BBA-8B86-E5EDD1737590}.Release|ARM.ActiveCfg = Release|Any CPU
		{6A992C47-5BCD-4BBA-8B86-E5EDD1737590}.Release|ARM.Build.0 = Release|Any CPU
		{6A992C47-5BCD-4BBA-8B86-E5EDD1737590}.Release|iPhone.ActiveCfg = Release|Any CPU
		{6A992C47-5BCD-4BBA-8B86-E5EDD1737590}.Release|iPhone.Build.0 = Release|Any CPU
		{6A992C47-5BCD-4BBA-8B86-E5EDD1737590}.Release|iPhoneSimulator.ActiveCfg = Release|Any CPU
		{6A992C47-5BCD-4BBA-8B86-E5EDD1737590}.Release|iPhoneSimulator.Build.0 = Release|Any CPU
		{6A992C47-5BCD-4BBA-8B86-E5EDD1737590}.Release|x64.ActiveCfg = Release|Any CPU
		{6A992C47-5BCD-4BBA-8B86-E5EDD1737590}.Release|x64.Build.0 = Release|Any CPU
		{6A992C47-5BCD-4BBA-8B86-E5EDD1737590}.Release|x86.ActiveCfg = Release|Any CPU
		{6A992C47-5BCD-4BBA-8B86-E5EDD1737590}.Release|x86.Build.0 = Release|Any CPU
	EndGlobalSection
	GlobalSection(SolutionProperties) = preSolution
		HideSolutionNode = FALSE
	EndGlobalSection
	GlobalSection(NestedProjects) = preSolution
		{C9B20561-6492-4B0C-AC6A-56880DF02A54} = {6D1C984F-8C94-4FFB-AC45-6648BAD71FC9}
		{BE61E47D-A06B-4390-941E-5369D63FCE07} = {6D1C984F-8C94-4FFB-AC45-6648BAD71FC9}
		{7B7F9BA8-2BC5-4CA2-BEFD-29A31E7EF6C7} = {6D1C984F-8C94-4FFB-AC45-6648BAD71FC9}
		{526C498D-9703-43F0-B248-00C20397AA23} = {6D1C984F-8C94-4FFB-AC45-6648BAD71FC9}
	EndGlobalSection
	GlobalSection(ExtensibilityGlobals) = postSolution
		SolutionGuid = {30DF66CD-3386-4E03-BCC8-883128A9BDC9}
	EndGlobalSection
EndGlobal
