
Microsoft Visual Studio Solution File, Format Version 12.00
# Visual Studio 15
VisualStudioVersion = 15.0.27004.2008
MinimumVisualStudioVersion = 10.0.40219.1
Project("{FAE04EC0-301F-11D3-BF4B-00C04F79EFBC}") = "Mal.XF.Infra", "Mal.XF.Infra\Mal.XF.Infra.csproj", "{0DB882BE-3D4B-42FC-A211-CE953979F41F}"
EndProject
Project("{FAE04EC0-301F-11D3-BF4B-00C04F79EFBC}") = "Mal.XF.Infra.Android", "Mal.XF.Infra.Android\Mal.XF.Infra.Android.csproj", "{3AA9571C-28E7-4B9A-8525-EF046B8C9A90}"
EndProject
Project("{FAE04EC0-301F-11D3-BF4B-00C04F79EFBC}") = "Mal.XF.Infra.UWP", "Mal.XF.Infra.UWP\Mal.XF.Infra.UWP.csproj", "{31877CEF-0CC0-40C4-94E1-0B5450B1C858}"
EndProject
Project("{2150E333-8FDC-42A3-9474-1A3956D46DE8}") = "DevApp", "DevApp", "{0E5089AE-3641-450A-93AD-657F33BB4FCA}"
EndProject
Project("{D954291E-2A0B-460D-934E-DC6B0785DB48}") = "Mal.XF.Infra.DevApp", "Mal.XF.Infra.DevApp\Mal.XF.Infra.DevApp.shproj", "{868FB5D6-7978-48F4-89BF-7282D62C42AA}"
EndProject
Project("{FAE04EC0-301F-11D3-BF4B-00C04F79EFBC}") = "Mal.XF.Infra.DevApp.Android", "Mal.XF.Infra.DevApp.Android\Mal.XF.Infra.DevApp.Android.csproj", "{4EC3A114-797D-40F8-BC91-5954E148DBF0}"
EndProject
Project("{FAE04EC0-301F-11D3-BF4B-00C04F79EFBC}") = "Mal.XF.Infra.DevApp.iOS", "Mal.XF.Infra.DevApp.iOS\Mal.XF.Infra.DevApp.iOS.csproj", "{B2C02BD8-4167-431C-9179-69E9E8F42C13}"
EndProject
Project("{FAE04EC0-301F-11D3-BF4B-00C04F79EFBC}") = "Mal.XF.Infra.DevApp.UWP", "Mal.XF.Infra.DevApp.UWP\Mal.XF.Infra.DevApp.UWP.csproj", "{0AE0CEA6-526C-417D-B273-43444E01065A}"
EndProject
Global
	GlobalSection(SharedMSBuildProjectFiles) = preSolution
		Mal.XF.Infra.DevApp\Mal.XF.Infra.DevApp.projitems*{0ae0cea6-526c-417d-b273-43444e01065a}*SharedItemsImports = 4
		Mal.XF.Infra.DevApp\Mal.XF.Infra.DevApp.projitems*{4ec3a114-797d-40f8-bc91-5954e148dbf0}*SharedItemsImports = 4
		Mal.XF.Infra.DevApp\Mal.XF.Infra.DevApp.projitems*{868fb5d6-7978-48f4-89bf-7282d62c42aa}*SharedItemsImports = 13
		Mal.XF.Infra.DevApp\Mal.XF.Infra.DevApp.projitems*{b2c02bd8-4167-431c-9179-69e9e8f42c13}*SharedItemsImports = 4
	EndGlobalSection
	GlobalSection(SolutionConfigurationPlatforms) = preSolution
		Ad-Hoc|Any CPU = Ad-Hoc|Any CPU
		Ad-Hoc|ARM = Ad-Hoc|ARM
		Ad-Hoc|iPhone = Ad-Hoc|iPhone
		Ad-Hoc|iPhoneSimulator = Ad-Hoc|iPhoneSimulator
		Ad-Hoc|x64 = Ad-Hoc|x64
		Ad-Hoc|x86 = Ad-Hoc|x86
		AppStore|Any CPU = AppStore|Any CPU
		AppStore|ARM = AppStore|ARM
		AppStore|iPhone = AppStore|iPhone
		AppStore|iPhoneSimulator = AppStore|iPhoneSimulator
		AppStore|x64 = AppStore|x64
		AppStore|x86 = AppStore|x86
		Debug|Any CPU = Debug|Any CPU
		Debug|ARM = Debug|ARM
		Debug|iPhone = Debug|iPhone
		Debug|iPhoneSimulator = Debug|iPhoneSimulator
		Debug|x64 = Debug|x64
		Debug|x86 = Debug|x86
		Release|Any CPU = Release|Any CPU
		Release|ARM = Release|ARM
		Release|iPhone = Release|iPhone
		Release|iPhoneSimulator = Release|iPhoneSimulator
		Release|x64 = Release|x64
		Release|x86 = Release|x86
	EndGlobalSection
	GlobalSection(ProjectConfigurationPlatforms) = postSolution
		{0DB882BE-3D4B-42FC-A211-CE953979F41F}.Ad-Hoc|Any CPU.ActiveCfg = Release|Any CPU
		{0DB882BE-3D4B-42FC-A211-CE953979F41F}.Ad-Hoc|Any CPU.Build.0 = Release|Any CPU
		{0DB882BE-3D4B-42FC-A211-CE953979F41F}.Ad-Hoc|ARM.ActiveCfg = Release|Any CPU
		{0DB882BE-3D4B-42FC-A211-CE953979F41F}.Ad-Hoc|ARM.Build.0 = Release|Any CPU
		{0DB882BE-3D4B-42FC-A211-CE953979F41F}.Ad-Hoc|iPhone.ActiveCfg = Release|Any CPU
		{0DB882BE-3D4B-42FC-A211-CE953979F41F}.Ad-Hoc|iPhone.Build.0 = Release|Any CPU
		{0DB882BE-3D4B-42FC-A211-CE953979F41F}.Ad-Hoc|iPhoneSimulator.ActiveCfg = Release|Any CPU
		{0DB882BE-3D4B-42FC-A211-CE953979F41F}.Ad-Hoc|iPhoneSimulator.Build.0 = Release|Any CPU
		{0DB882BE-3D4B-42FC-A211-CE953979F41F}.Ad-Hoc|x64.ActiveCfg = Release|Any CPU
		{0DB882BE-3D4B-42FC-A211-CE953979F41F}.Ad-Hoc|x64.Build.0 = Release|Any CPU
		{0DB882BE-3D4B-42FC-A211-CE953979F41F}.Ad-Hoc|x86.ActiveCfg = Release|Any CPU
		{0DB882BE-3D4B-42FC-A211-CE953979F41F}.Ad-Hoc|x86.Build.0 = Release|Any CPU
		{0DB882BE-3D4B-42FC-A211-CE953979F41F}.AppStore|Any CPU.ActiveCfg = Release|Any CPU
		{0DB882BE-3D4B-42FC-A211-CE953979F41F}.AppStore|Any CPU.Build.0 = Release|Any CPU
		{0DB882BE-3D4B-42FC-A211-CE953979F41F}.AppStore|ARM.ActiveCfg = Release|Any CPU
		{0DB882BE-3D4B-42FC-A211-CE953979F41F}.AppStore|ARM.Build.0 = Release|Any CPU
		{0DB882BE-3D4B-42FC-A211-CE953979F41F}.AppStore|iPhone.ActiveCfg = Release|Any CPU
		{0DB882BE-3D4B-42FC-A211-CE953979F41F}.AppStore|iPhone.Build.0 = Release|Any CPU
		{0DB882BE-3D4B-42FC-A211-CE953979F41F}.AppStore|iPhoneSimulator.ActiveCfg = Release|Any CPU
		{0DB882BE-3D4B-42FC-A211-CE953979F41F}.AppStore|iPhoneSimulator.Build.0 = Release|Any CPU
		{0DB882BE-3D4B-42FC-A211-CE953979F41F}.AppStore|x64.ActiveCfg = Release|Any CPU
		{0DB882BE-3D4B-42FC-A211-CE953979F41F}.AppStore|x64.Build.0 = Release|Any CPU
		{0DB882BE-3D4B-42FC-A211-CE953979F41F}.AppStore|x86.ActiveCfg = Release|Any CPU
		{0DB882BE-3D4B-42FC-A211-CE953979F41F}.AppStore|x86.Build.0 = Release|Any CPU
		{0DB882BE-3D4B-42FC-A211-CE953979F41F}.Debug|Any CPU.ActiveCfg = Debug|Any CPU
		{0DB882BE-3D4B-42FC-A211-CE953979F41F}.Debug|Any CPU.Build.0 = Debug|Any CPU
		{0DB882BE-3D4B-42FC-A211-CE953979F41F}.Debug|ARM.ActiveCfg = Debug|Any CPU
		{0DB882BE-3D4B-42FC-A211-CE953979F41F}.Debug|ARM.Build.0 = Debug|Any CPU
		{0DB882BE-3D4B-42FC-A211-CE953979F41F}.Debug|iPhone.ActiveCfg = Debug|Any CPU
		{0DB882BE-3D4B-42FC-A211-CE953979F41F}.Debug|iPhone.Build.0 = Debug|Any CPU
		{0DB882BE-3D4B-42FC-A211-CE953979F41F}.Debug|iPhoneSimulator.ActiveCfg = Debug|Any CPU
		{0DB882BE-3D4B-42FC-A211-CE953979F41F}.Debug|iPhoneSimulator.Build.0 = Debug|Any CPU
		{0DB882BE-3D4B-42FC-A211-CE953979F41F}.Debug|x64.ActiveCfg = Debug|Any CPU
		{0DB882BE-3D4B-42FC-A211-CE953979F41F}.Debug|x64.Build.0 = Debug|Any CPU
		{0DB882BE-3D4B-42FC-A211-CE953979F41F}.Debug|x86.ActiveCfg = Debug|Any CPU
		{0DB882BE-3D4B-42FC-A211-CE953979F41F}.Debug|x86.Build.0 = Debug|Any CPU
		{0DB882BE-3D4B-42FC-A211-CE953979F41F}.Release|Any CPU.ActiveCfg = Release|Any CPU
		{0DB882BE-3D4B-42FC-A211-CE953979F41F}.Release|Any CPU.Build.0 = Release|Any CPU
		{0DB882BE-3D4B-42FC-A211-CE953979F41F}.Release|ARM.ActiveCfg = Release|Any CPU
		{0DB882BE-3D4B-42FC-A211-CE953979F41F}.Release|ARM.Build.0 = Release|Any CPU
		{0DB882BE-3D4B-42FC-A211-CE953979F41F}.Release|iPhone.ActiveCfg = Release|Any CPU
		{0DB882BE-3D4B-42FC-A211-CE953979F41F}.Release|iPhone.Build.0 = Release|Any CPU
		{0DB882BE-3D4B-42FC-A211-CE953979F41F}.Release|iPhoneSimulator.ActiveCfg = Release|Any CPU
		{0DB882BE-3D4B-42FC-A211-CE953979F41F}.Release|iPhoneSimulator.Build.0 = Release|Any CPU
		{0DB882BE-3D4B-42FC-A211-CE953979F41F}.Release|x64.ActiveCfg = Release|Any CPU
		{0DB882BE-3D4B-42FC-A211-CE953979F41F}.Release|x64.Build.0 = Release|Any CPU
		{0DB882BE-3D4B-42FC-A211-CE953979F41F}.Release|x86.ActiveCfg = Release|Any CPU
		{0DB882BE-3D4B-42FC-A211-CE953979F41F}.Release|x86.Build.0 = Release|Any CPU
		{3AA9571C-28E7-4B9A-8525-EF046B8C9A90}.Ad-Hoc|Any CPU.ActiveCfg = Release|Any CPU
		{3AA9571C-28E7-4B9A-8525-EF046B8C9A90}.Ad-Hoc|Any CPU.Build.0 = Release|Any CPU
		{3AA9571C-28E7-4B9A-8525-EF046B8C9A90}.Ad-Hoc|ARM.ActiveCfg = Release|Any CPU
		{3AA9571C-28E7-4B9A-8525-EF046B8C9A90}.Ad-Hoc|ARM.Build.0 = Release|Any CPU
		{3AA9571C-28E7-4B9A-8525-EF046B8C9A90}.Ad-Hoc|iPhone.ActiveCfg = Release|Any CPU
		{3AA9571C-28E7-4B9A-8525-EF046B8C9A90}.Ad-Hoc|iPhone.Build.0 = Release|Any CPU
		{3AA9571C-28E7-4B9A-8525-EF046B8C9A90}.Ad-Hoc|iPhoneSimulator.ActiveCfg = Release|Any CPU
		{3AA9571C-28E7-4B9A-8525-EF046B8C9A90}.Ad-Hoc|iPhoneSimulator.Build.0 = Release|Any CPU
		{3AA9571C-28E7-4B9A-8525-EF046B8C9A90}.Ad-Hoc|x64.ActiveCfg = Release|Any CPU
		{3AA9571C-28E7-4B9A-8525-EF046B8C9A90}.Ad-Hoc|x64.Build.0 = Release|Any CPU
		{3AA9571C-28E7-4B9A-8525-EF046B8C9A90}.Ad-Hoc|x86.ActiveCfg = Release|Any CPU
		{3AA9571C-28E7-4B9A-8525-EF046B8C9A90}.Ad-Hoc|x86.Build.0 = Release|Any CPU
		{3AA9571C-28E7-4B9A-8525-EF046B8C9A90}.AppStore|Any CPU.ActiveCfg = Release|Any CPU
		{3AA9571C-28E7-4B9A-8525-EF046B8C9A90}.AppStore|Any CPU.Build.0 = Release|Any CPU
		{3AA9571C-28E7-4B9A-8525-EF046B8C9A90}.AppStore|ARM.ActiveCfg = Release|Any CPU
		{3AA9571C-28E7-4B9A-8525-EF046B8C9A90}.AppStore|ARM.Build.0 = Release|Any CPU
		{3AA9571C-28E7-4B9A-8525-EF046B8C9A90}.AppStore|iPhone.ActiveCfg = Release|Any CPU
		{3AA9571C-28E7-4B9A-8525-EF046B8C9A90}.AppStore|iPhone.Build.0 = Release|Any CPU
		{3AA9571C-28E7-4B9A-8525-EF046B8C9A90}.AppStore|iPhoneSimulator.ActiveCfg = Release|Any CPU
		{3AA9571C-28E7-4B9A-8525-EF046B8C9A90}.AppStore|iPhoneSimulator.Build.0 = Release|Any CPU
		{3AA9571C-28E7-4B9A-8525-EF046B8C9A90}.AppStore|x64.ActiveCfg = Release|Any CPU
		{3AA9571C-28E7-4B9A-8525-EF046B8C9A90}.AppStore|x64.Build.0 = Release|Any CPU
		{3AA9571C-28E7-4B9A-8525-EF046B8C9A90}.AppStore|x86.ActiveCfg = Release|Any CPU
		{3AA9571C-28E7-4B9A-8525-EF046B8C9A90}.AppStore|x86.Build.0 = Release|Any CPU
		{3AA9571C-28E7-4B9A-8525-EF046B8C9A90}.Debug|Any CPU.ActiveCfg = Debug|Any CPU
		{3AA9571C-28E7-4B9A-8525-EF046B8C9A90}.Debug|Any CPU.Build.0 = Debug|Any CPU
		{3AA9571C-28E7-4B9A-8525-EF046B8C9A90}.Debug|ARM.ActiveCfg = Debug|Any CPU
		{3AA9571C-28E7-4B9A-8525-EF046B8C9A90}.Debug|ARM.Build.0 = Debug|Any CPU
		{3AA9571C-28E7-4B9A-8525-EF046B8C9A90}.Debug|iPhone.ActiveCfg = Debug|Any CPU
		{3AA9571C-28E7-4B9A-8525-EF046B8C9A90}.Debug|iPhone.Build.0 = Debug|Any CPU
		{3AA9571C-28E7-4B9A-8525-EF046B8C9A90}.Debug|iPhoneSimulator.ActiveCfg = Debug|Any CPU
		{3AA9571C-28E7-4B9A-8525-EF046B8C9A90}.Debug|iPhoneSimulator.Build.0 = Debug|Any CPU
		{3AA9571C-28E7-4B9A-8525-EF046B8C9A90}.Debug|x64.ActiveCfg = Debug|Any CPU
		{3AA9571C-28E7-4B9A-8525-EF046B8C9A90}.Debug|x64.Build.0 = Debug|Any CPU
		{3AA9571C-28E7-4B9A-8525-EF046B8C9A90}.Debug|x86.ActiveCfg = Debug|Any CPU
		{3AA9571C-28E7-4B9A-8525-EF046B8C9A90}.Debug|x86.Build.0 = Debug|Any CPU
		{3AA9571C-28E7-4B9A-8525-EF046B8C9A90}.Release|Any CPU.ActiveCfg = Release|Any CPU
		{3AA9571C-28E7-4B9A-8525-EF046B8C9A90}.Release|Any CPU.Build.0 = Release|Any CPU
		{3AA9571C-28E7-4B9A-8525-EF046B8C9A90}.Release|ARM.ActiveCfg = Release|Any CPU
		{3AA9571C-28E7-4B9A-8525-EF046B8C9A90}.Release|ARM.Build.0 = Release|Any CPU
		{3AA9571C-28E7-4B9A-8525-EF046B8C9A90}.Release|iPhone.ActiveCfg = Release|Any CPU
		{3AA9571C-28E7-4B9A-8525-EF046B8C9A90}.Release|iPhone.Build.0 = Release|Any CPU
		{3AA9571C-28E7-4B9A-8525-EF046B8C9A90}.Release|iPhoneSimulator.ActiveCfg = Release|Any CPU
		{3AA9571C-28E7-4B9A-8525-EF046B8C9A90}.Release|iPhoneSimulator.Build.0 = Release|Any CPU
		{3AA9571C-28E7-4B9A-8525-EF046B8C9A90}.Release|x64.ActiveCfg = Release|Any CPU
		{3AA9571C-28E7-4B9A-8525-EF046B8C9A90}.Release|x64.Build.0 = Release|Any CPU
		{3AA9571C-28E7-4B9A-8525-EF046B8C9A90}.Release|x86.ActiveCfg = Release|Any CPU
		{3AA9571C-28E7-4B9A-8525-EF046B8C9A90}.Release|x86.Build.0 = Release|Any CPU
		{31877CEF-0CC0-40C4-94E1-0B5450B1C858}.Ad-Hoc|Any CPU.ActiveCfg = Release|Any CPU
		{31877CEF-0CC0-40C4-94E1-0B5450B1C858}.Ad-Hoc|Any CPU.Build.0 = Release|Any CPU
		{31877CEF-0CC0-40C4-94E1-0B5450B1C858}.Ad-Hoc|ARM.ActiveCfg = Release|ARM
		{31877CEF-0CC0-40C4-94E1-0B5450B1C858}.Ad-Hoc|ARM.Build.0 = Release|ARM
		{31877CEF-0CC0-40C4-94E1-0B5450B1C858}.Ad-Hoc|iPhone.ActiveCfg = Release|Any CPU
		{31877CEF-0CC0-40C4-94E1-0B5450B1C858}.Ad-Hoc|iPhone.Build.0 = Release|Any CPU
		{31877CEF-0CC0-40C4-94E1-0B5450B1C858}.Ad-Hoc|iPhoneSimulator.ActiveCfg = Release|Any CPU
		{31877CEF-0CC0-40C4-94E1-0B5450B1C858}.Ad-Hoc|iPhoneSimulator.Build.0 = Release|Any CPU
		{31877CEF-0CC0-40C4-94E1-0B5450B1C858}.Ad-Hoc|x64.ActiveCfg = Release|x64
		{31877CEF-0CC0-40C4-94E1-0B5450B1C858}.Ad-Hoc|x64.Build.0 = Release|x64
		{31877CEF-0CC0-40C4-94E1-0B5450B1C858}.Ad-Hoc|x86.ActiveCfg = Release|x86
		{31877CEF-0CC0-40C4-94E1-0B5450B1C858}.Ad-Hoc|x86.Build.0 = Release|x86
		{31877CEF-0CC0-40C4-94E1-0B5450B1C858}.AppStore|Any CPU.ActiveCfg = Release|Any CPU
		{31877CEF-0CC0-40C4-94E1-0B5450B1C858}.AppStore|Any CPU.Build.0 = Release|Any CPU
		{31877CEF-0CC0-40C4-94E1-0B5450B1C858}.AppStore|ARM.ActiveCfg = Release|ARM
		{31877CEF-0CC0-40C4-94E1-0B5450B1C858}.AppStore|ARM.Build.0 = Release|ARM
		{31877CEF-0CC0-40C4-94E1-0B5450B1C858}.AppStore|iPhone.ActiveCfg = Release|Any CPU
		{31877CEF-0CC0-40C4-94E1-0B5450B1C858}.AppStore|iPhone.Build.0 = Release|Any CPU
		{31877CEF-0CC0-40C4-94E1-0B5450B1C858}.AppStore|iPhoneSimulator.ActiveCfg = Release|Any CPU
		{31877CEF-0CC0-40C4-94E1-0B5450B1C858}.AppStore|iPhoneSimulator.Build.0 = Release|Any CPU
		{31877CEF-0CC0-40C4-94E1-0B5450B1C858}.AppStore|x64.ActiveCfg = Release|x64
		{31877CEF-0CC0-40C4-94E1-0B5450B1C858}.AppStore|x64.Build.0 = Release|x64
		{31877CEF-0CC0-40C4-94E1-0B5450B1C858}.AppStore|x86.ActiveCfg = Release|x86
		{31877CEF-0CC0-40C4-94E1-0B5450B1C858}.AppStore|x86.Build.0 = Release|x86
		{31877CEF-0CC0-40C4-94E1-0B5450B1C858}.Debug|Any CPU.ActiveCfg = Debug|Any CPU
		{31877CEF-0CC0-40C4-94E1-0B5450B1C858}.Debug|Any CPU.Build.0 = Debug|Any CPU
		{31877CEF-0CC0-40C4-94E1-0B5450B1C858}.Debug|ARM.ActiveCfg = Debug|ARM
		{31877CEF-0CC0-40C4-94E1-0B5450B1C858}.Debug|ARM.Build.0 = Debug|ARM
		{31877CEF-0CC0-40C4-94E1-0B5450B1C858}.Debug|iPhone.ActiveCfg = Debug|Any CPU
		{31877CEF-0CC0-40C4-94E1-0B5450B1C858}.Debug|iPhone.Build.0 = Debug|Any CPU
		{31877CEF-0CC0-40C4-94E1-0B5450B1C858}.Debug|iPhoneSimulator.ActiveCfg = Debug|Any CPU
		{31877CEF-0CC0-40C4-94E1-0B5450B1C858}.Debug|iPhoneSimulator.Build.0 = Debug|Any CPU
		{31877CEF-0CC0-40C4-94E1-0B5450B1C858}.Debug|x64.ActiveCfg = Debug|x64
		{31877CEF-0CC0-40C4-94E1-0B5450B1C858}.Debug|x64.Build.0 = Debug|x64
		{31877CEF-0CC0-40C4-94E1-0B5450B1C858}.Debug|x86.ActiveCfg = Debug|x86
		{31877CEF-0CC0-40C4-94E1-0B5450B1C858}.Debug|x86.Build.0 = Debug|x86
		{31877CEF-0CC0-40C4-94E1-0B5450B1C858}.Release|Any CPU.ActiveCfg = Release|Any CPU
		{31877CEF-0CC0-40C4-94E1-0B5450B1C858}.Release|Any CPU.Build.0 = Release|Any CPU
		{31877CEF-0CC0-40C4-94E1-0B5450B1C858}.Release|ARM.ActiveCfg = Release|ARM
		{31877CEF-0CC0-40C4-94E1-0B5450B1C858}.Release|ARM.Build.0 = Release|ARM
		{31877CEF-0CC0-40C4-94E1-0B5450B1C858}.Release|iPhone.ActiveCfg = Release|Any CPU
		{31877CEF-0CC0-40C4-94E1-0B5450B1C858}.Release|iPhone.Build.0 = Release|Any CPU
		{31877CEF-0CC0-40C4-94E1-0B5450B1C858}.Release|iPhoneSimulator.ActiveCfg = Release|Any CPU
		{31877CEF-0CC0-40C4-94E1-0B5450B1C858}.Release|iPhoneSimulator.Build.0 = Release|Any CPU
		{31877CEF-0CC0-40C4-94E1-0B5450B1C858}.Release|x64.ActiveCfg = Release|x64
		{31877CEF-0CC0-40C4-94E1-0B5450B1C858}.Release|x64.Build.0 = Release|x64
		{31877CEF-0CC0-40C4-94E1-0B5450B1C858}.Release|x86.ActiveCfg = Release|x86
		{31877CEF-0CC0-40C4-94E1-0B5450B1C858}.Release|x86.Build.0 = Release|x86
		{4EC3A114-797D-40F8-BC91-5954E148DBF0}.Ad-Hoc|Any CPU.ActiveCfg = Release|Any CPU
		{4EC3A114-797D-40F8-BC91-5954E148DBF0}.Ad-Hoc|Any CPU.Build.0 = Release|Any CPU
		{4EC3A114-797D-40F8-BC91-5954E148DBF0}.Ad-Hoc|Any CPU.Deploy.0 = Release|Any CPU
		{4EC3A114-797D-40F8-BC91-5954E148DBF0}.Ad-Hoc|ARM.ActiveCfg = Release|Any CPU
		{4EC3A114-797D-40F8-BC91-5954E148DBF0}.Ad-Hoc|ARM.Build.0 = Release|Any CPU
		{4EC3A114-797D-40F8-BC91-5954E148DBF0}.Ad-Hoc|ARM.Deploy.0 = Release|Any CPU
		{4EC3A114-797D-40F8-BC91-5954E148DBF0}.Ad-Hoc|iPhone.ActiveCfg = Release|Any CPU
		{4EC3A114-797D-40F8-BC91-5954E148DBF0}.Ad-Hoc|iPhone.Build.0 = Release|Any CPU
		{4EC3A114-797D-40F8-BC91-5954E148DBF0}.Ad-Hoc|iPhone.Deploy.0 = Release|Any CPU
		{4EC3A114-797D-40F8-BC91-5954E148DBF0}.Ad-Hoc|iPhoneSimulator.ActiveCfg = Release|Any CPU
		{4EC3A114-797D-40F8-BC91-5954E148DBF0}.Ad-Hoc|iPhoneSimulator.Build.0 = Release|Any CPU
		{4EC3A114-797D-40F8-BC91-5954E148DBF0}.Ad-Hoc|iPhoneSimulator.Deploy.0 = Release|Any CPU
		{4EC3A114-797D-40F8-BC91-5954E148DBF0}.Ad-Hoc|x64.ActiveCfg = Release|Any CPU
		{4EC3A114-797D-40F8-BC91-5954E148DBF0}.Ad-Hoc|x64.Build.0 = Release|Any CPU
		{4EC3A114-797D-40F8-BC91-5954E148DBF0}.Ad-Hoc|x64.Deploy.0 = Release|Any CPU
		{4EC3A114-797D-40F8-BC91-5954E148DBF0}.Ad-Hoc|x86.ActiveCfg = Release|Any CPU
		{4EC3A114-797D-40F8-BC91-5954E148DBF0}.Ad-Hoc|x86.Build.0 = Release|Any CPU
		{4EC3A114-797D-40F8-BC91-5954E148DBF0}.Ad-Hoc|x86.Deploy.0 = Release|Any CPU
		{4EC3A114-797D-40F8-BC91-5954E148DBF0}.AppStore|Any CPU.ActiveCfg = Release|Any CPU
		{4EC3A114-797D-40F8-BC91-5954E148DBF0}.AppStore|Any CPU.Build.0 = Release|Any CPU
		{4EC3A114-797D-40F8-BC91-5954E148DBF0}.AppStore|Any CPU.Deploy.0 = Release|Any CPU
		{4EC3A114-797D-40F8-BC91-5954E148DBF0}.AppStore|ARM.ActiveCfg = Release|Any CPU
		{4EC3A114-797D-40F8-BC91-5954E148DBF0}.AppStore|ARM.Build.0 = Release|Any CPU
		{4EC3A114-797D-40F8-BC91-5954E148DBF0}.AppStore|ARM.Deploy.0 = Release|Any CPU
		{4EC3A114-797D-40F8-BC91-5954E148DBF0}.AppStore|iPhone.ActiveCfg = Release|Any CPU
		{4EC3A114-797D-40F8-BC91-5954E148DBF0}.AppStore|iPhone.Build.0 = Release|Any CPU
		{4EC3A114-797D-40F8-BC91-5954E148DBF0}.AppStore|iPhone.Deploy.0 = Release|Any CPU
		{4EC3A114-797D-40F8-BC91-5954E148DBF0}.AppStore|iPhoneSimulator.ActiveCfg = Release|Any CPU
		{4EC3A114-797D-40F8-BC91-5954E148DBF0}.AppStore|iPhoneSimulator.Build.0 = Release|Any CPU
		{4EC3A114-797D-40F8-BC91-5954E148DBF0}.AppStore|iPhoneSimulator.Deploy.0 = Release|Any CPU
		{4EC3A114-797D-40F8-BC91-5954E148DBF0}.AppStore|x64.ActiveCfg = Release|Any CPU
		{4EC3A114-797D-40F8-BC91-5954E148DBF0}.AppStore|x64.Build.0 = Release|Any CPU
		{4EC3A114-797D-40F8-BC91-5954E148DBF0}.AppStore|x64.Deploy.0 = Release|Any CPU
		{4EC3A114-797D-40F8-BC91-5954E148DBF0}.AppStore|x86.ActiveCfg = Release|Any CPU
		{4EC3A114-797D-40F8-BC91-5954E148DBF0}.AppStore|x86.Build.0 = Release|Any CPU
		{4EC3A114-797D-40F8-BC91-5954E148DBF0}.AppStore|x86.Deploy.0 = Release|Any CPU
		{4EC3A114-797D-40F8-BC91-5954E148DBF0}.Debug|Any CPU.ActiveCfg = Debug|Any CPU
		{4EC3A114-797D-40F8-BC91-5954E148DBF0}.Debug|Any CPU.Build.0 = Debug|Any CPU
		{4EC3A114-797D-40F8-BC91-5954E148DBF0}.Debug|Any CPU.Deploy.0 = Debug|Any CPU
		{4EC3A114-797D-40F8-BC91-5954E148DBF0}.Debug|ARM.ActiveCfg = Debug|Any CPU
		{4EC3A114-797D-40F8-BC91-5954E148DBF0}.Debug|ARM.Build.0 = Debug|Any CPU
		{4EC3A114-797D-40F8-BC91-5954E148DBF0}.Debug|ARM.Deploy.0 = Debug|Any CPU
		{4EC3A114-797D-40F8-BC91-5954E148DBF0}.Debug|iPhone.ActiveCfg = Debug|Any CPU
		{4EC3A114-797D-40F8-BC91-5954E148DBF0}.Debug|iPhone.Build.0 = Debug|Any CPU
		{4EC3A114-797D-40F8-BC91-5954E148DBF0}.Debug|iPhone.Deploy.0 = Debug|Any CPU
		{4EC3A114-797D-40F8-BC91-5954E148DBF0}.Debug|iPhoneSimulator.ActiveCfg = Debug|Any CPU
		{4EC3A114-797D-40F8-BC91-5954E148DBF0}.Debug|iPhoneSimulator.Build.0 = Debug|Any CPU
		{4EC3A114-797D-40F8-BC91-5954E148DBF0}.Debug|iPhoneSimulator.Deploy.0 = Debug|Any CPU
		{4EC3A114-797D-40F8-BC91-5954E148DBF0}.Debug|x64.ActiveCfg = Debug|Any CPU
		{4EC3A114-797D-40F8-BC91-5954E148DBF0}.Debug|x64.Build.0 = Debug|Any CPU
		{4EC3A114-797D-40F8-BC91-5954E148DBF0}.Debug|x64.Deploy.0 = Debug|Any CPU
		{4EC3A114-797D-40F8-BC91-5954E148DBF0}.Debug|x86.ActiveCfg = Debug|Any CPU
		{4EC3A114-797D-40F8-BC91-5954E148DBF0}.Debug|x86.Build.0 = Debug|Any CPU
		{4EC3A114-797D-40F8-BC91-5954E148DBF0}.Debug|x86.Deploy.0 = Debug|Any CPU
		{4EC3A114-797D-40F8-BC91-5954E148DBF0}.Release|Any CPU.ActiveCfg = Release|Any CPU
		{4EC3A114-797D-40F8-BC91-5954E148DBF0}.Release|Any CPU.Build.0 = Release|Any CPU
		{4EC3A114-797D-40F8-BC91-5954E148DBF0}.Release|Any CPU.Deploy.0 = Release|Any CPU
		{4EC3A114-797D-40F8-BC91-5954E148DBF0}.Release|ARM.ActiveCfg = Release|Any CPU
		{4EC3A114-797D-40F8-BC91-5954E148DBF0}.Release|ARM.Build.0 = Release|Any CPU
		{4EC3A114-797D-40F8-BC91-5954E148DBF0}.Release|ARM.Deploy.0 = Release|Any CPU
		{4EC3A114-797D-40F8-BC91-5954E148DBF0}.Release|iPhone.ActiveCfg = Release|Any CPU
		{4EC3A114-797D-40F8-BC91-5954E148DBF0}.Release|iPhone.Build.0 = Release|Any CPU
		{4EC3A114-797D-40F8-BC91-5954E148DBF0}.Release|iPhone.Deploy.0 = Release|Any CPU
		{4EC3A114-797D-40F8-BC91-5954E148DBF0}.Release|iPhoneSimulator.ActiveCfg = Release|Any CPU
		{4EC3A114-797D-40F8-BC91-5954E148DBF0}.Release|iPhoneSimulator.Build.0 = Release|Any CPU
		{4EC3A114-797D-40F8-BC91-5954E148DBF0}.Release|iPhoneSimulator.Deploy.0 = Release|Any CPU
		{4EC3A114-797D-40F8-BC91-5954E148DBF0}.Release|x64.ActiveCfg = Release|Any CPU
		{4EC3A114-797D-40F8-BC91-5954E148DBF0}.Release|x64.Build.0 = Release|Any CPU
		{4EC3A114-797D-40F8-BC91-5954E148DBF0}.Release|x64.Deploy.0 = Release|Any CPU
		{4EC3A114-797D-40F8-BC91-5954E148DBF0}.Release|x86.ActiveCfg = Release|Any CPU
		{4EC3A114-797D-40F8-BC91-5954E148DBF0}.Release|x86.Build.0 = Release|Any CPU
		{4EC3A114-797D-40F8-BC91-5954E148DBF0}.Release|x86.Deploy.0 = Release|Any CPU
		{B2C02BD8-4167-431C-9179-69E9E8F42C13}.Ad-Hoc|Any CPU.ActiveCfg = Ad-Hoc|iPhone
		{B2C02BD8-4167-431C-9179-69E9E8F42C13}.Ad-Hoc|ARM.ActiveCfg = Ad-Hoc|iPhone
		{B2C02BD8-4167-431C-9179-69E9E8F42C13}.Ad-Hoc|iPhone.ActiveCfg = Ad-Hoc|iPhone
		{B2C02BD8-4167-431C-9179-69E9E8F42C13}.Ad-Hoc|iPhone.Build.0 = Ad-Hoc|iPhone
		{B2C02BD8-4167-431C-9179-69E9E8F42C13}.Ad-Hoc|iPhoneSimulator.ActiveCfg = Ad-Hoc|iPhoneSimulator
		{B2C02BD8-4167-431C-9179-69E9E8F42C13}.Ad-Hoc|iPhoneSimulator.Build.0 = Ad-Hoc|iPhoneSimulator
		{B2C02BD8-4167-431C-9179-69E9E8F42C13}.Ad-Hoc|x64.ActiveCfg = Ad-Hoc|iPhone
		{B2C02BD8-4167-431C-9179-69E9E8F42C13}.Ad-Hoc|x86.ActiveCfg = Ad-Hoc|iPhone
		{B2C02BD8-4167-431C-9179-69E9E8F42C13}.AppStore|Any CPU.ActiveCfg = AppStore|iPhone
		{B2C02BD8-4167-431C-9179-69E9E8F42C13}.AppStore|ARM.ActiveCfg = AppStore|iPhone
		{B2C02BD8-4167-431C-9179-69E9E8F42C13}.AppStore|iPhone.ActiveCfg = AppStore|iPhone
		{B2C02BD8-4167-431C-9179-69E9E8F42C13}.AppStore|iPhone.Build.0 = AppStore|iPhone
		{B2C02BD8-4167-431C-9179-69E9E8F42C13}.AppStore|iPhoneSimulator.ActiveCfg = AppStore|iPhoneSimulator
		{B2C02BD8-4167-431C-9179-69E9E8F42C13}.AppStore|iPhoneSimulator.Build.0 = AppStore|iPhoneSimulator
		{B2C02BD8-4167-431C-9179-69E9E8F42C13}.AppStore|x64.ActiveCfg = AppStore|iPhone
		{B2C02BD8-4167-431C-9179-69E9E8F42C13}.AppStore|x86.ActiveCfg = AppStore|iPhone
		{B2C02BD8-4167-431C-9179-69E9E8F42C13}.Debug|Any CPU.ActiveCfg = Debug|iPhone
		{B2C02BD8-4167-431C-9179-69E9E8F42C13}.Debug|ARM.ActiveCfg = Debug|iPhone
		{B2C02BD8-4167-431C-9179-69E9E8F42C13}.Debug|iPhone.ActiveCfg = Debug|iPhone
		{B2C02BD8-4167-431C-9179-69E9E8F42C13}.Debug|iPhone.Build.0 = Debug|iPhone
		{B2C02BD8-4167-431C-9179-69E9E8F42C13}.Debug|iPhoneSimulator.ActiveCfg = Debug|iPhoneSimulator
		{B2C02BD8-4167-431C-9179-69E9E8F42C13}.Debug|iPhoneSimulator.Build.0 = Debug|iPhoneSimulator
		{B2C02BD8-4167-431C-9179-69E9E8F42C13}.Debug|x64.ActiveCfg = Debug|iPhone
		{B2C02BD8-4167-431C-9179-69E9E8F42C13}.Debug|x86.ActiveCfg = Debug|iPhone
		{B2C02BD8-4167-431C-9179-69E9E8F42C13}.Release|Any CPU.ActiveCfg = Release|iPhone
		{B2C02BD8-4167-431C-9179-69E9E8F42C13}.Release|ARM.ActiveCfg = Release|iPhone
		{B2C02BD8-4167-431C-9179-69E9E8F42C13}.Release|iPhone.ActiveCfg = Release|iPhone
		{B2C02BD8-4167-431C-9179-69E9E8F42C13}.Release|iPhone.Build.0 = Release|iPhone
		{B2C02BD8-4167-431C-9179-69E9E8F42C13}.Release|iPhoneSimulator.ActiveCfg = Release|iPhoneSimulator
		{B2C02BD8-4167-431C-9179-69E9E8F42C13}.Release|iPhoneSimulator.Build.0 = Release|iPhoneSimulator
		{B2C02BD8-4167-431C-9179-69E9E8F42C13}.Release|x64.ActiveCfg = Release|iPhone
		{B2C02BD8-4167-431C-9179-69E9E8F42C13}.Release|x86.ActiveCfg = Release|iPhone
		{0AE0CEA6-526C-417D-B273-43444E01065A}.Ad-Hoc|Any CPU.ActiveCfg = Release|x86
		{0AE0CEA6-526C-417D-B273-43444E01065A}.Ad-Hoc|Any CPU.Build.0 = Release|x86
		{0AE0CEA6-526C-417D-B273-43444E01065A}.Ad-Hoc|Any CPU.Deploy.0 = Release|x86
		{0AE0CEA6-526C-417D-B273-43444E01065A}.Ad-Hoc|ARM.ActiveCfg = Release|ARM
		{0AE0CEA6-526C-417D-B273-43444E01065A}.Ad-Hoc|ARM.Build.0 = Release|ARM
		{0AE0CEA6-526C-417D-B273-43444E01065A}.Ad-Hoc|ARM.Deploy.0 = Release|ARM
		{0AE0CEA6-526C-417D-B273-43444E01065A}.Ad-Hoc|iPhone.ActiveCfg = Release|x86
		{0AE0CEA6-526C-417D-B273-43444E01065A}.Ad-Hoc|iPhone.Build.0 = Release|x86
		{0AE0CEA6-526C-417D-B273-43444E01065A}.Ad-Hoc|iPhone.Deploy.0 = Release|x86
		{0AE0CEA6-526C-417D-B273-43444E01065A}.Ad-Hoc|iPhoneSimulator.ActiveCfg = Release|x86
		{0AE0CEA6-526C-417D-B273-43444E01065A}.Ad-Hoc|iPhoneSimulator.Build.0 = Release|x86
		{0AE0CEA6-526C-417D-B273-43444E01065A}.Ad-Hoc|iPhoneSimulator.Deploy.0 = Release|x86
		{0AE0CEA6-526C-417D-B273-43444E01065A}.Ad-Hoc|x64.ActiveCfg = Release|x64
		{0AE0CEA6-526C-417D-B273-43444E01065A}.Ad-Hoc|x64.Build.0 = Release|x64
		{0AE0CEA6-526C-417D-B273-43444E01065A}.Ad-Hoc|x64.Deploy.0 = Release|x64
		{0AE0CEA6-526C-417D-B273-43444E01065A}.Ad-Hoc|x86.ActiveCfg = Release|x86
		{0AE0CEA6-526C-417D-B273-43444E01065A}.Ad-Hoc|x86.Build.0 = Release|x86
		{0AE0CEA6-526C-417D-B273-43444E01065A}.Ad-Hoc|x86.Deploy.0 = Release|x86
		{0AE0CEA6-526C-417D-B273-43444E01065A}.AppStore|Any CPU.ActiveCfg = Release|x86
		{0AE0CEA6-526C-417D-B273-43444E01065A}.AppStore|Any CPU.Build.0 = Release|x86
		{0AE0CEA6-526C-417D-B273-43444E01065A}.AppStore|Any CPU.Deploy.0 = Release|x86
		{0AE0CEA6-526C-417D-B273-43444E01065A}.AppStore|ARM.ActiveCfg = Release|ARM
		{0AE0CEA6-526C-417D-B273-43444E01065A}.AppStore|ARM.Build.0 = Release|ARM
		{0AE0CEA6-526C-417D-B273-43444E01065A}.AppStore|ARM.Deploy.0 = Release|ARM
		{0AE0CEA6-526C-417D-B273-43444E01065A}.AppStore|iPhone.ActiveCfg = Release|x86
		{0AE0CEA6-526C-417D-B273-43444E01065A}.AppStore|iPhone.Build.0 = Release|x86
		{0AE0CEA6-526C-417D-B273-43444E01065A}.AppStore|iPhone.Deploy.0 = Release|x86
		{0AE0CEA6-526C-417D-B273-43444E01065A}.AppStore|iPhoneSimulator.ActiveCfg = Release|x86
		{0AE0CEA6-526C-417D-B273-43444E01065A}.AppStore|iPhoneSimulator.Build.0 = Release|x86
		{0AE0CEA6-526C-417D-B273-43444E01065A}.AppStore|iPhoneSimulator.Deploy.0 = Release|x86
		{0AE0CEA6-526C-417D-B273-43444E01065A}.AppStore|x64.ActiveCfg = Release|x64
		{0AE0CEA6-526C-417D-B273-43444E01065A}.AppStore|x64.Build.0 = Release|x64
		{0AE0CEA6-526C-417D-B273-43444E01065A}.AppStore|x64.Deploy.0 = Release|x64
		{0AE0CEA6-526C-417D-B273-43444E01065A}.AppStore|x86.ActiveCfg = Release|x86
		{0AE0CEA6-526C-417D-B273-43444E01065A}.AppStore|x86.Build.0 = Release|x86
		{0AE0CEA6-526C-417D-B273-43444E01065A}.AppStore|x86.Deploy.0 = Release|x86
		{0AE0CEA6-526C-417D-B273-43444E01065A}.Debug|Any CPU.ActiveCfg = Debug|x86
		{0AE0CEA6-526C-417D-B273-43444E01065A}.Debug|ARM.ActiveCfg = Debug|ARM
		{0AE0CEA6-526C-417D-B273-43444E01065A}.Debug|ARM.Build.0 = Debug|ARM
		{0AE0CEA6-526C-417D-B273-43444E01065A}.Debug|ARM.Deploy.0 = Debug|ARM
		{0AE0CEA6-526C-417D-B273-43444E01065A}.Debug|iPhone.ActiveCfg = Debug|x86
		{0AE0CEA6-526C-417D-B273-43444E01065A}.Debug|iPhoneSimulator.ActiveCfg = Debug|x86
		{0AE0CEA6-526C-417D-B273-43444E01065A}.Debug|x64.ActiveCfg = Debug|x64
		{0AE0CEA6-526C-417D-B273-43444E01065A}.Debug|x64.Build.0 = Debug|x64
		{0AE0CEA6-526C-417D-B273-43444E01065A}.Debug|x64.Deploy.0 = Debug|x64
		{0AE0CEA6-526C-417D-B273-43444E01065A}.Debug|x86.ActiveCfg = Debug|x86
		{0AE0CEA6-526C-417D-B273-43444E01065A}.Debug|x86.Build.0 = Debug|x86
		{0AE0CEA6-526C-417D-B273-43444E01065A}.Debug|x86.Deploy.0 = Debug|x86
		{0AE0CEA6-526C-417D-B273-43444E01065A}.Release|Any CPU.ActiveCfg = Release|x86
		{0AE0CEA6-526C-417D-B273-43444E01065A}.Release|ARM.ActiveCfg = Release|ARM
		{0AE0CEA6-526C-417D-B273-43444E01065A}.Release|ARM.Build.0 = Release|ARM
		{0AE0CEA6-526C-417D-B273-43444E01065A}.Release|ARM.Deploy.0 = Release|ARM
		{0AE0CEA6-526C-417D-B273-43444E01065A}.Release|iPhone.ActiveCfg = Release|x86
		{0AE0CEA6-526C-417D-B273-43444E01065A}.Release|iPhoneSimulator.ActiveCfg = Release|x86
		{0AE0CEA6-526C-417D-B273-43444E01065A}.Release|x64.ActiveCfg = Release|x64
		{0AE0CEA6-526C-417D-B273-43444E01065A}.Release|x64.Build.0 = Release|x64
		{0AE0CEA6-526C-417D-B273-43444E01065A}.Release|x64.Deploy.0 = Release|x64
		{0AE0CEA6-526C-417D-B273-43444E01065A}.Release|x86.ActiveCfg = Release|x86
		{0AE0CEA6-526C-417D-B273-43444E01065A}.Release|x86.Build.0 = Release|x86
		{0AE0CEA6-526C-417D-B273-43444E01065A}.Release|x86.Deploy.0 = Release|x86
	EndGlobalSection
	GlobalSection(SolutionProperties) = preSolution
		HideSolutionNode = FALSE
	EndGlobalSection
	GlobalSection(NestedProjects) = preSolution
		{868FB5D6-7978-48F4-89BF-7282D62C42AA} = {0E5089AE-3641-450A-93AD-657F33BB4FCA}
		{4EC3A114-797D-40F8-BC91-5954E148DBF0} = {0E5089AE-3641-450A-93AD-657F33BB4FCA}
		{B2C02BD8-4167-431C-9179-69E9E8F42C13} = {0E5089AE-3641-450A-93AD-657F33BB4FCA}
		{0AE0CEA6-526C-417D-B273-43444E01065A} = {0E5089AE-3641-450A-93AD-657F33BB4FCA}
	EndGlobalSection
	GlobalSection(ExtensibilityGlobals) = postSolution
		SolutionGuid = {EEFAEC46-05AE-47C5-A2FC-4B5F2D401DB2}
	EndGlobalSection
EndGlobal
